// !$*UTF8*$!
{
	archiveVersion = 1;
	classes = {
	};
	objectVersion = 46;
	objects = {

/* Begin PBXBuildFile section */
		9B5357EC17646FDD00E8195E /* Foundation.framework in Frameworks */ = {isa = PBXBuildFile; fileRef = 9B5357EB17646FDD00E8195E /* Foundation.framework */; };
		9B5357F117646FDD00E8195E /* MyLib.h in CopyFiles */ = {isa = PBXBuildFile; fileRef = 9B5357F017646FDD00E8195E /* MyLib.h */; };
		9B5357F317646FDD00E8195E /* MyLib.m in Sources */ = {isa = PBXBuildFile; fileRef = 9B5357F217646FDD00E8195E /* MyLib.m */; };
		9B5357FA1764703500E8195E /* MyLib.h in Headers */ = {isa = PBXBuildFile; fileRef = 9B5357F017646FDD00E8195E /* MyLib.h */; settings = {ATTRIBUTES = (Public, ); }; };
/* End PBXBuildFile section */

/* Begin PBXCopyFilesBuildPhase section */
		9B5357E617646FDD00E8195E /* CopyFiles */ = {
			isa = PBXCopyFilesBuildPhase;
			buildActionMask = 2147483647;
			dstPath = "include/${PRODUCT_NAME}";
			dstSubfolderSpec = 16;
			files = (
				9B5357F117646FDD00E8195E /* MyLib.h in CopyFiles */,
			);
			runOnlyForDeploymentPostprocessing = 0;
		};
/* End PBXCopyFilesBuildPhase section */

/* Begin PBXFileReference section */
		9B5357E817646FDD00E8195E /* libMyLib.a */ = {isa = PBXFileReference; explicitFileType = archive.ar; includeInIndex = 0; path = libMyLib.a; sourceTree = BUILT_PRODUCTS_DIR; };
		9B5357EB17646FDD00E8195E /* Foundation.framework */ = {isa = PBXFileReference; lastKnownFileType = wrapper.framework; name = Foundation.framework; path = System/Library/Frameworks/Foundation.framework; sourceTree = SDKROOT; };
		9B5357EF17646FDD00E8195E /* MyLib-Prefix.pch */ = {isa = PBXFileReference; lastKnownFileType = sourcecode.c.h; path = "MyLib-Prefix.pch"; sourceTree = "<group>"; };
		9B5357F017646FDD00E8195E /* MyLib.h */ = {isa = PBXFileReference; lastKnownFileType = sourcecode.c.h; path = MyLib.h; sourceTree = "<group>"; };
		9B5357F217646FDD00E8195E /* MyLib.m */ = {isa = PBXFileReference; lastKnownFileType = sourcecode.c.objc; path = MyLib.m; sourceTree = "<group>"; };
/* End PBXFileReference section */

/* Begin PBXFrameworksBuildPhase section */
		9B5357E517646FDD00E8195E /* Frameworks */ = {
			isa = PBXFrameworksBuildPhase;
			buildActionMask = 2147483647;
			files = (
				9B5357EC17646FDD00E8195E /* Foundation.framework in Frameworks */,
			);
			runOnlyForDeploymentPostprocessing = 0;
		};
/* End PBXFrameworksBuildPhase section */

/* Begin PBXGroup section */
		9B5357DF17646FDD00E8195E = {
			isa = PBXGroup;
			children = (
				9B5357ED17646FDD00E8195E /* MyLib */,
				9B5357EA17646FDD00E8195E /* Frameworks */,
				9B5357E917646FDD00E8195E /* Products */,
			);
			sourceTree = "<group>";
		};
		9B5357E917646FDD00E8195E /* Products */ = {
			isa = PBXGroup;
			children = (
				9B5357E817646FDD00E8195E /* libMyLib.a */,
			);
			name = Products;
			sourceTree = "<group>";
		};
		9B5357EA17646FDD00E8195E /* Frameworks */ = {
			isa = PBXGroup;
			children = (
				9B5357EB17646FDD00E8195E /* Foundation.framework */,
			);
			name = Frameworks;
			sourceTree = "<group>";
		};
		9B5357ED17646FDD00E8195E /* MyLib */ = {
			isa = PBXGroup;
			children = (
				9B5357F017646FDD00E8195E /* MyLib.h */,
				9B5357F217646FDD00E8195E /* MyLib.m */,
				9B5357EE17646FDD00E8195E /* Supporting Files */,
			);
			path = MyLib;
			sourceTree = "<group>";
		};
		9B5357EE17646FDD00E8195E /* Supporting Files */ = {
			isa = PBXGroup;
			children = (
				9B5357EF17646FDD00E8195E /* MyLib-Prefix.pch */,
			);
			name = "Supporting Files";
			sourceTree = "<group>";
		};
/* End PBXGroup section */

/* Begin PBXHeadersBuildPhase section */
		9B5357F91764702300E8195E /* Headers */ = {
			isa = PBXHeadersBuildPhase;
			buildActionMask = 2147483647;
			files = (
				9B5357FA1764703500E8195E /* MyLib.h in Headers */,
			);
			runOnlyForDeploymentPostprocessing = 0;
		};
/* End PBXHeadersBuildPhase section */

/* Begin PBXNativeTarget section */
		9B5357E717646FDD00E8195E /* MyLib */ = {
			isa = PBXNativeTarget;
			buildConfigurationList = 9B5357F617646FDD00E8195E /* Build configuration list for PBXNativeTarget "MyLib" */;
			buildPhases = (
				9B5357E417646FDD00E8195E /* Sources */,
				9B5357E517646FDD00E8195E /* Frameworks */,
				9B5357E617646FDD00E8195E /* CopyFiles */,
				9B5357F91764702300E8195E /* Headers */,
			);
			buildRules = (
			);
			dependencies = (
			);
			name = MyLib;
			productName = MyLib;
			productReference = 9B5357E817646FDD00E8195E /* libMyLib.a */;
			productType = "com.apple.product-type.library.static";
		};
/* End PBXNativeTarget section */

/* Begin PBXProject section */
		9B5357E017646FDD00E8195E /* Project object */ = {
			isa = PBXProject;
			attributes = {
				LastUpgradeCheck = 0460;
				ORGANIZATIONNAME = "cop-studio";
			};
			buildConfigurationList = 9B5357E317646FDD00E8195E /* Build configuration list for PBXProject "MyLib" */;
			compatibilityVersion = "Xcode 3.2";
			developmentRegion = English;
			hasScannedForEncodings = 0;
			knownRegions = (
				en,
			);
			mainGroup = 9B5357DF17646FDD00E8195E;
			productRefGroup = 9B5357E917646FDD00E8195E /* Products */;
			projectDirPath = "";
			projectRoot = "";
			targets = (
				9B5357E717646FDD00E8195E /* MyLib */,
			);
		};
/* End PBXProject section */

/* Begin PBXSourcesBuildPhase section */
		9B5357E417646FDD00E8195E /* Sources */ = {
			isa = PBXSourcesBuildPhase;
			buildActionMask = 2147483647;
			files = (
				9B5357F317646FDD00E8195E /* MyLib.m in Sources */,
			);
			runOnlyForDeploymentPostprocessing = 0;
		};
/* End PBXSourcesBuildPhase section */

/* Begin XCBuildConfiguration section */
		9B5357F417646FDD00E8195E /* Debug */ = {
			isa = XCBuildConfiguration;
			buildSettings = {
				ALWAYS_SEARCH_USER_PATHS = NO;
				CLANG_CXX_LANGUAGE_STANDARD = "gnu++0x";
				CLANG_CXX_LIBRARY = "libc++";
				CLANG_ENABLE_OBJC_ARC = YES;
				CLANG_WARN_CONSTANT_CONVERSION = YES;
				CLANG_WARN_EMPTY_BODY = YES;
				CLANG_WARN_ENUM_CONVERSION = YES;
				CLANG_WARN_INT_CONVERSION = YES;
				CLANG_WARN__DUPLICATE_METHOD_MATCH = YES;
				COPY_PHASE_STRIP = NO;
				GCC_C_LANGUAGE_STANDARD = gnu99;
				GCC_DYNAMIC_NO_PIC = NO;
				GCC_OPTIMIZATION_LEVEL = 0;
				GCC_PREPROCESSOR_DEFINITIONS = (
					"DEBUG=1",
					"$(inherited)",
				);
				GCC_SYMBOLS_PRIVATE_EXTERN = NO;
				GCC_WARN_ABOUT_RETURN_TYPE = YES;
				GCC_WARN_UNINITIALIZED_AUTOS = YES;
				GCC_WARN_UNUSED_VARIABLE = YES;
				IPHONEOS_DEPLOYMENT_TARGET = 6.1;
				ONLY_ACTIVE_ARCH = YES;
				SDKROOT = iphoneos;
			};
			name = Debug;
		};
		9B5357F517646FDD00E8195E /* Release */ = {
			isa = XCBuildConfiguration;
			buildSettings = {
				ALWAYS_SEARCH_USER_PATHS = NO;
				CLANG_CXX_LANGUAGE_STANDARD = "gnu++0x";
				CLANG_CXX_LIBRARY = "libc++";
				CLANG_ENABLE_OBJC_ARC = YES;
				CLANG_WARN_CONSTANT_CONVERSION = YES;
				CLANG_WARN_EMPTY_BODY = YES;
				CLANG_WARN_ENUM_CONVERSION = YES;
				CLANG_WARN_INT_CONVERSION = YES;
				CLANG_WARN__DUPLICATE_METHOD_MATCH = YES;
				COPY_PHASE_STRIP = YES;
				GCC_C_LANGUAGE_STANDARD = gnu99;
				GCC_WARN_ABOUT_RETURN_TYPE = YES;
				GCC_WARN_UNINITIALIZED_AUTOS = YES;
				GCC_WARN_UNUSED_VARIABLE = YES;
				IPHONEOS_DEPLOYMENT_TARGET = 6.1;
				SDKROOT = iphoneos;
				VALIDATE_PRODUCT = YES;
			};
			name = Release;
		};
		9B5357F717646FDD00E8195E /* Debug */ = {
			isa = XCBuildConfiguration;
			buildSettings = {
				DSTROOT = /tmp/MyLib.dst;
				GCC_PRECOMPILE_PREFIX_HEADER = YES;
				GCC_PREFIX_HEADER = "MyLib/MyLib-Prefix.pch";
				OTHER_LDFLAGS = "-ObjC";
				PRODUCT_NAME = "$(TARGET_NAME)";
				SKIP_INSTALL = YES;
			};
			name = Debug;
		};
		9B5357F817646FDD00E8195E /* Release */ = {
			isa = XCBuildConfiguration;
			buildSettings = {
				DSTROOT = /tmp/MyLib.dst;
				GCC_PRECOMPILE_PREFIX_HEADER = YES;
				GCC_PREFIX_HEADER = "MyLib/MyLib-Prefix.pch";
				OTHER_LDFLAGS = "-ObjC";
				PRODUCT_NAME = "$(TARGET_NAME)";
				SKIP_INSTALL = YES;
			};
			name = Release;
		};
/* End XCBuildConfiguration section */

/* Begin XCConfigurationList section */
		9B5357E317646FDD00E8195E /* Build configuration list for PBXProject "MyLib" */ = {
			isa = XCConfigurationList;
			buildConfigurations = (
				9B5357F417646FDD00E8195E /* Debug */,
				9B5357F517646FDD00E8195E /* Release */,
			);
			defaultConfigurationIsVisible = 0;
			defaultConfigurationName = Release;
		};
		9B5357F617646FDD00E8195E /* Build configuration list for PBXNativeTarget "MyLib" */ = {
			isa = XCConfigurationList;
			buildConfigurations = (
				9B5357F717646FDD00E8195E /* Debug */,
				9B5357F817646FDD00E8195E /* Release */,
			);
			defaultConfigurationIsVisible = 0;
		};
/* End XCConfigurationList section */
	};
	rootObject = 9B5357E017646FDD00E8195E /* Project object */;
}
